
Microsoft Visual Studio Solution File, Format Version 12.00
# Visual Studio 15
VisualStudioVersion = 15.0.27130.2024
MinimumVisualStudioVersion = 10.0.40219.1
Project("{F184B08F-C81C-45F6-A57F-5ABD9991F28F}") = "prj_techbagshop_a172316", "prj_techbagshop_a172316\prj_techbagshop_a172316.vbproj", "{A17B7C6F-361F-41F6-8C7D-01B98717676F}"
EndProject
Project("{54435603-DBB4-11D2-8724-00A0C9A8B90C}") = "Setup_TechBagShop_Records", "Setup_TechBagShop_Records\Setup_TechBagShop_Records.vdproj", "{6D966A9E-7AFF-49C8-9F81-0054A1B7F063}"
EndProject
Global
	GlobalSection(SolutionConfigurationPlatforms) = preSolution
		Debug|Any CPU = Debug|Any CPU
		Release|Any CPU = Release|Any CPU
	EndGlobalSection
	GlobalSection(ProjectConfigurationPlatforms) = postSolution
		{A17B7C6F-361F-41F6-8C7D-01B98717676F}.Debug|Any CPU.ActiveCfg = Debug|Any CPU
		{A17B7C6F-361F-41F6-8C7D-01B98717676F}.Debug|Any CPU.Build.0 = Debug|Any CPU
		{A17B7C6F-361F-41F6-8C7D-01B98717676F}.Release|Any CPU.ActiveCfg = Release|Any CPU
		{A17B7C6F-361F-41F6-8C7D-01B98717676F}.Release|Any CPU.Build.0 = Release|Any CPU
		{6D966A9E-7AFF-49C8-9F81-0054A1B7F063}.Debug|Any CPU.ActiveCfg = Debug
		{6D966A9E-7AFF-49C8-9F81-0054A1B7F063}.Release|Any CPU.ActiveCfg = Release
	EndGlobalSection
	GlobalSection(SolutionProperties) = preSolution
		HideSolutionNode = FALSE
	EndGlobalSection
	GlobalSection(ExtensibilityGlobals) = postSolution
		SolutionGuid = {8DB0C25E-8D3B-4DDF-AE53-79BE3A265FEC}
	EndGlobalSection
EndGlobal
